
Microsoft Visual Studio Solution File, Format Version 12.00
# Visual Studio Version 16
VisualStudioVersion = 16.0.28803.352
MinimumVisualStudioVersion = 10.0.40219.1
Project("{9A19103F-16F7-4668-BE54-9A1E7A4F7556}") = "NET_CodingTask", "NET_CodingTask\NET_CodingTask.csproj", "{CDBB2934-8E51-4C76-AF2A-696DD64FDB9B}"
EndProject
Project("{FAE04EC0-301F-11D3-BF4B-00C04F79EFBC}") = "NET_CodingTask_NUnitTests", "NET_CodingTask_NUnitTests\NET_CodingTask_NUnitTests.csproj", "{8A76FEA8-7FE9-4DAD-89F2-B218821DFF08}"
EndProject
Project("{00D1A9C2-B5F0-4AF3-8072-F6C62B433612}") = "NET_CodingTaskDB", "NET_CodingTaskDB\NET_CodingTaskDB.sqlproj", "{D58E11DA-FA07-43F0-82B4-A801C4880DDE}"
EndProject
Global
	GlobalSection(SolutionConfigurationPlatforms) = preSolution
		Debug|Any CPU = Debug|Any CPU
		Release|Any CPU = Release|Any CPU
	EndGlobalSection
	GlobalSection(ProjectConfigurationPlatforms) = postSolution
		{CDBB2934-8E51-4C76-AF2A-696DD64FDB9B}.Debug|Any CPU.ActiveCfg = Debug|Any CPU
		{CDBB2934-8E51-4C76-AF2A-696DD64FDB9B}.Debug|Any CPU.Build.0 = Debug|Any CPU
		{CDBB2934-8E51-4C76-AF2A-696DD64FDB9B}.Release|Any CPU.ActiveCfg = Release|Any CPU
		{CDBB2934-8E51-4C76-AF2A-696DD64FDB9B}.Release|Any CPU.Build.0 = Release|Any CPU
		{8A76FEA8-7FE9-4DAD-89F2-B218821DFF08}.Debug|Any CPU.ActiveCfg = Debug|Any CPU
		{8A76FEA8-7FE9-4DAD-89F2-B218821DFF08}.Debug|Any CPU.Build.0 = Debug|Any CPU
		{8A76FEA8-7FE9-4DAD-89F2-B218821DFF08}.Release|Any CPU.ActiveCfg = Release|Any CPU
		{8A76FEA8-7FE9-4DAD-89F2-B218821DFF08}.Release|Any CPU.Build.0 = Release|Any CPU
		{D58E11DA-FA07-43F0-82B4-A801C4880DDE}.Debug|Any CPU.ActiveCfg = Debug|Any CPU
		{D58E11DA-FA07-43F0-82B4-A801C4880DDE}.Debug|Any CPU.Build.0 = Debug|Any CPU
		{D58E11DA-FA07-43F0-82B4-A801C4880DDE}.Debug|Any CPU.Deploy.0 = Debug|Any CPU
		{D58E11DA-FA07-43F0-82B4-A801C4880DDE}.Release|Any CPU.ActiveCfg = Release|Any CPU
		{D58E11DA-FA07-43F0-82B4-A801C4880DDE}.Release|Any CPU.Build.0 = Release|Any CPU
		{D58E11DA-FA07-43F0-82B4-A801C4880DDE}.Release|Any CPU.Deploy.0 = Release|Any CPU
	EndGlobalSection
	GlobalSection(SolutionProperties) = preSolution
		HideSolutionNode = FALSE
	EndGlobalSection
	GlobalSection(ExtensibilityGlobals) = postSolution
		SolutionGuid = {7F73E16B-45E4-4638-9844-746AD32085E5}
	EndGlobalSection
EndGlobal
